// !$*UTF8*$!
{
	archiveVersion = 1;
	classes = {
	};
	objectVersion = 56;
	objects = {

/* Begin PBXBuildFile section */
		7D28C04929ECEC36000897BB /* APIViewController.swift in Sources */ = {isa = PBXBuildFile; fileRef = 7D28C04829ECEC36000897BB /* APIViewController.swift */; };
		7D28C04B29ECEDBC000897BB /* APIModel.swift in Sources */ = {isa = PBXBuildFile; fileRef = 7D28C04A29ECEDBC000897BB /* APIModel.swift */; };
		7D69775029EAEF61002B7244 /* AppDelegate.swift in Sources */ = {isa = PBXBuildFile; fileRef = 7D69774F29EAEF61002B7244 /* AppDelegate.swift */; };
		7D69775229EAEF61002B7244 /* SceneDelegate.swift in Sources */ = {isa = PBXBuildFile; fileRef = 7D69775129EAEF61002B7244 /* SceneDelegate.swift */; };
		7D69775429EAEF61002B7244 /* ViewController.swift in Sources */ = {isa = PBXBuildFile; fileRef = 7D69775329EAEF61002B7244 /* ViewController.swift */; };
		7D69775729EAEF61002B7244 /* Main.storyboard in Resources */ = {isa = PBXBuildFile; fileRef = 7D69775529EAEF61002B7244 /* Main.storyboard */; };
		7D69775A29EAEF61002B7244 /* ToDoList.xcdatamodeld in Sources */ = {isa = PBXBuildFile; fileRef = 7D69775829EAEF61002B7244 /* ToDoList.xcdatamodeld */; };
		7D69775C29EAEF62002B7244 /* Assets.xcassets in Resources */ = {isa = PBXBuildFile; fileRef = 7D69775B29EAEF62002B7244 /* Assets.xcassets */; };
		7D69775F29EAEF62002B7244 /* LaunchScreen.storyboard in Resources */ = {isa = PBXBuildFile; fileRef = 7D69775D29EAEF62002B7244 /* LaunchScreen.storyboard */; };
		7D69776829EAF117002B7244 /* ToDoListItem+CoreDataClass.swift in Sources */ = {isa = PBXBuildFile; fileRef = 7D69776629EAF117002B7244 /* ToDoListItem+CoreDataClass.swift */; };
		7D69776929EAF117002B7244 /* ToDoListItem+CoreDataProperties.swift in Sources */ = {isa = PBXBuildFile; fileRef = 7D69776729EAF117002B7244 /* ToDoListItem+CoreDataProperties.swift */; };
		BAD943AD29ED0C0900CF622E /* APIService.swift in Sources */ = {isa = PBXBuildFile; fileRef = BAD943AC29ED0C0900CF622E /* APIService.swift */; };
/* End PBXBuildFile section */

/* Begin PBXFileReference section */
		7D28C04829ECEC36000897BB /* APIViewController.swift */ = {isa = PBXFileReference; lastKnownFileType = sourcecode.swift; path = APIViewController.swift; sourceTree = "<group>"; };
		7D28C04A29ECEDBC000897BB /* APIModel.swift */ = {isa = PBXFileReference; lastKnownFileType = sourcecode.swift; path = APIModel.swift; sourceTree = "<group>"; };
		7D69774C29EAEF61002B7244 /* ToDoList.app */ = {isa = PBXFileReference; explicitFileType = wrapper.application; includeInIndex = 0; path = ToDoList.app; sourceTree = BUILT_PRODUCTS_DIR; };
		7D69774F29EAEF61002B7244 /* AppDelegate.swift */ = {isa = PBXFileReference; lastKnownFileType = sourcecode.swift; path = AppDelegate.swift; sourceTree = "<group>"; };
		7D69775129EAEF61002B7244 /* SceneDelegate.swift */ = {isa = PBXFileReference; lastKnownFileType = sourcecode.swift; path = SceneDelegate.swift; sourceTree = "<group>"; };
		7D69775329EAEF61002B7244 /* ViewController.swift */ = {isa = PBXFileReference; lastKnownFileType = sourcecode.swift; path = ViewController.swift; sourceTree = "<group>"; };
		7D69775629EAEF61002B7244 /* Base */ = {isa = PBXFileReference; lastKnownFileType = file.storyboard; name = Base; path = Base.lproj/Main.storyboard; sourceTree = "<group>"; };
		7D69775929EAEF61002B7244 /* ToDoList.xcdatamodel */ = {isa = PBXFileReference; lastKnownFileType = wrapper.xcdatamodel; path = ToDoList.xcdatamodel; sourceTree = "<group>"; };
		7D69775B29EAEF62002B7244 /* Assets.xcassets */ = {isa = PBXFileReference; lastKnownFileType = folder.assetcatalog; path = Assets.xcassets; sourceTree = "<group>"; };
		7D69775E29EAEF62002B7244 /* Base */ = {isa = PBXFileReference; lastKnownFileType = file.storyboard; name = Base; path = Base.lproj/LaunchScreen.storyboard; sourceTree = "<group>"; };
		7D69776029EAEF62002B7244 /* Info.plist */ = {isa = PBXFileReference; lastKnownFileType = text.plist.xml; path = Info.plist; sourceTree = "<group>"; };
		7D69776629EAF117002B7244 /* ToDoListItem+CoreDataClass.swift */ = {isa = PBXFileReference; lastKnownFileType = sourcecode.swift; path = "ToDoListItem+CoreDataClass.swift"; sourceTree = "<group>"; };
		7D69776729EAF117002B7244 /* ToDoListItem+CoreDataProperties.swift */ = {isa = PBXFileReference; lastKnownFileType = sourcecode.swift; path = "ToDoListItem+CoreDataProperties.swift"; sourceTree = "<group>"; };
		BAD943AC29ED0C0900CF622E /* APIService.swift */ = {isa = PBXFileReference; lastKnownFileType = sourcecode.swift; path = APIService.swift; sourceTree = "<group>"; };
/* End PBXFileReference section */

/* Begin PBXFrameworksBuildPhase section */
		7D69774929EAEF61002B7244 /* Frameworks */ = {
			isa = PBXFrameworksBuildPhase;
			buildActionMask = 2147483647;
			files = (
			);
			runOnlyForDeploymentPostprocessing = 0;
		};
/* End PBXFrameworksBuildPhase section */

/* Begin PBXGroup section */
		7D69774329EAEF61002B7244 = {
			isa = PBXGroup;
			children = (
				7D69774E29EAEF61002B7244 /* ToDoList */,
				7D69774D29EAEF61002B7244 /* Products */,
			);
			sourceTree = "<group>";
		};
		7D69774D29EAEF61002B7244 /* Products */ = {
			isa = PBXGroup;
			children = (
				7D69774C29EAEF61002B7244 /* ToDoList.app */,
			);
			name = Products;
			sourceTree = "<group>";
		};
		7D69774E29EAEF61002B7244 /* ToDoList */ = {
			isa = PBXGroup;
			children = (
				7D69776A29EAF138002B7244 /* ToDoListItem */,
				7D69774F29EAEF61002B7244 /* AppDelegate.swift */,
				7D28C04A29ECEDBC000897BB /* APIModel.swift */,
				7D69775129EAEF61002B7244 /* SceneDelegate.swift */,
				7D69775329EAEF61002B7244 /* ViewController.swift */,
				7D28C04829ECEC36000897BB /* APIViewController.swift */,
				7D69775529EAEF61002B7244 /* Main.storyboard */,
				7D69775B29EAEF62002B7244 /* Assets.xcassets */,
				7D69775D29EAEF62002B7244 /* LaunchScreen.storyboard */,
				7D69776029EAEF62002B7244 /* Info.plist */,
				7D69775829EAEF61002B7244 /* ToDoList.xcdatamodeld */,
				BAD943AC29ED0C0900CF622E /* APIService.swift */,
			);
			path = ToDoList;
			sourceTree = "<group>";
		};
		7D69776A29EAF138002B7244 /* ToDoListItem */ = {
			isa = PBXGroup;
			children = (
				7D69776629EAF117002B7244 /* ToDoListItem+CoreDataClass.swift */,
				7D69776729EAF117002B7244 /* ToDoListItem+CoreDataProperties.swift */,
			);
			path = ToDoListItem;
			sourceTree = "<group>";
		};
/* End PBXGroup section */

/* Begin PBXNativeTarget section */
		7D69774B29EAEF61002B7244 /* ToDoList */ = {
			isa = PBXNativeTarget;
			buildConfigurationList = 7D69776329EAEF62002B7244 /* Build configuration list for PBXNativeTarget "ToDoList" */;
			buildPhases = (
				7D69774829EAEF61002B7244 /* Sources */,
				7D69774929EAEF61002B7244 /* Frameworks */,
				7D69774A29EAEF61002B7244 /* Resources */,
			);
			buildRules = (
			);
			dependencies = (
			);
			name = ToDoList;
			productName = ToDoList;
			productReference = 7D69774C29EAEF61002B7244 /* ToDoList.app */;
			productType = "com.apple.product-type.application";
		};
/* End PBXNativeTarget section */

/* Begin PBXProject section */
		7D69774429EAEF61002B7244 /* Project object */ = {
			isa = PBXProject;
			attributes = {
				BuildIndependentTargetsInParallel = 1;
				LastSwiftUpdateCheck = 1430;
				LastUpgradeCheck = 1430;
				TargetAttributes = {
					7D69774B29EAEF61002B7244 = {
						CreatedOnToolsVersion = 14.3;
					};
				};
			};
			buildConfigurationList = 7D69774729EAEF61002B7244 /* Build configuration list for PBXProject "ToDoList" */;
			compatibilityVersion = "Xcode 14.0";
			developmentRegion = en;
			hasScannedForEncodings = 0;
			knownRegions = (
				en,
				Base,
			);
			mainGroup = 7D69774329EAEF61002B7244;
			productRefGroup = 7D69774D29EAEF61002B7244 /* Products */;
			projectDirPath = "";
			projectRoot = "";
			targets = (
				7D69774B29EAEF61002B7244 /* ToDoList */,
			);
		};
/* End PBXProject section */

/* Begin PBXResourcesBuildPhase section */
		7D69774A29EAEF61002B7244 /* Resources */ = {
			isa = PBXResourcesBuildPhase;
			buildActionMask = 2147483647;
			files = (
				7D69775F29EAEF62002B7244 /* LaunchScreen.storyboard in Resources */,
				7D69775C29EAEF62002B7244 /* Assets.xcassets in Resources */,
				7D69775729EAEF61002B7244 /* Main.storyboard in Resources */,
			);
			runOnlyForDeploymentPostprocessing = 0;
		};
/* End PBXResourcesBuildPhase section */

/* Begin PBXSourcesBuildPhase section */
		7D69774829EAEF61002B7244 /* Sources */ = {
			isa = PBXSourcesBuildPhase;
			buildActionMask = 2147483647;
			files = (
				7D69775429EAEF61002B7244 /* ViewController.swift in Sources */,
				7D28C04B29ECEDBC000897BB /* APIModel.swift in Sources */,
				7D69775029EAEF61002B7244 /* AppDelegate.swift in Sources */,
				7D69775229EAEF61002B7244 /* SceneDelegate.swift in Sources */,
				7D28C04929ECEC36000897BB /* APIViewController.swift in Sources */,
				7D69776829EAF117002B7244 /* ToDoListItem+CoreDataClass.swift in Sources */,
				7D69776929EAF117002B7244 /* ToDoListItem+CoreDataProperties.swift in Sources */,
				BAD943AD29ED0C0900CF622E /* APIService.swift in Sources */,
				7D69775A29EAEF61002B7244 /* ToDoList.xcdatamodeld in Sources */,
			);
			runOnlyForDeploymentPostprocessing = 0;
		};
/* End PBXSourcesBuildPhase section */

/* Begin PBXVariantGroup section */
		7D69775529EAEF61002B7244 /* Main.storyboard */ = {
			isa = PBXVariantGroup;
			children = (
				7D69775629EAEF61002B7244 /* Base */,
			);
			name = Main.storyboard;
			sourceTree = "<group>";
		};
		7D69775D29EAEF62002B7244 /* LaunchScreen.storyboard */ = {
			isa = PBXVariantGroup;
			children = (
				7D69775E29EAEF62002B7244 /* Base */,
			);
			name = LaunchScreen.storyboard;
			sourceTree = "<group>";
		};
/* End PBXVariantGroup section */

/* Begin XCBuildConfiguration section */
		7D69776129EAEF62002B7244 /* Debug */ = {
			isa = XCBuildConfiguration;
			buildSettings = {
				ALWAYS_SEARCH_USER_PATHS = NO;
				CLANG_ANALYZER_NONNULL = YES;
				CLANG_ANALYZER_NUMBER_OBJECT_CONVERSION = YES_AGGRESSIVE;
				CLANG_CXX_LANGUAGE_STANDARD = "gnu++20";
				CLANG_ENABLE_MODULES = YES;
				CLANG_ENABLE_OBJC_ARC = YES;
				CLANG_ENABLE_OBJC_WEAK = YES;
				CLANG_WARN_BLOCK_CAPTURE_AUTORELEASING = YES;
				CLANG_WARN_BOOL_CONVERSION = YES;
				CLANG_WARN_COMMA = YES;
				CLANG_WARN_CONSTANT_CONVERSION = YES;
				CLANG_WARN_DEPRECATED_OBJC_IMPLEMENTATIONS = YES;
				CLANG_WARN_DIRECT_OBJC_ISA_USAGE = YES_ERROR;
				CLANG_WARN_DOCUMENTATION_COMMENTS = YES;
				CLANG_WARN_EMPTY_BODY = YES;
				CLANG_WARN_ENUM_CONVERSION = YES;
				CLANG_WARN_INFINITE_RECURSION = YES;
				CLANG_WARN_INT_CONVERSION = YES;
				CLANG_WARN_NON_LITERAL_NULL_CONVERSION = YES;
				CLANG_WARN_OBJC_IMPLICIT_RETAIN_SELF = YES;
				CLANG_WARN_OBJC_LITERAL_CONVERSION = YES;
				CLANG_WARN_OBJC_ROOT_CLASS = YES_ERROR;
				CLANG_WARN_QUOTED_INCLUDE_IN_FRAMEWORK_HEADER = YES;
				CLANG_WARN_RANGE_LOOP_ANALYSIS = YES;
				CLANG_WARN_STRICT_PROTOTYPES = YES;
				CLANG_WARN_SUSPICIOUS_MOVE = YES;
				CLANG_WARN_UNGUARDED_AVAILABILITY = YES_AGGRESSIVE;
				CLANG_WARN_UNREACHABLE_CODE = YES;
				CLANG_WARN__DUPLICATE_METHOD_MATCH = YES;
				COPY_PHASE_STRIP = NO;
				DEBUG_INFORMATION_FORMAT = dwarf;
				ENABLE_STRICT_OBJC_MSGSEND = YES;
				ENABLE_TESTABILITY = YES;
				GCC_C_LANGUAGE_STANDARD = gnu11;
				GCC_DYNAMIC_NO_PIC = NO;
				GCC_NO_COMMON_BLOCKS = YES;
				GCC_OPTIMIZATION_LEVEL = 0;
				GCC_PREPROCESSOR_DEFINITIONS = (
					"DEBUG=1",
					"$(inherited)",
				);
				GCC_WARN_64_TO_32_BIT_CONVERSION = YES;
				GCC_WARN_ABOUT_RETURN_TYPE = YES_ERROR;
				GCC_WARN_UNDECLARED_SELECTOR = YES;
				GCC_WARN_UNINITIALIZED_AUTOS = YES_AGGRESSIVE;
				GCC_WARN_UNUSED_FUNCTION = YES;
				GCC_WARN_UNUSED_VARIABLE = YES;
				IPHONEOS_DEPLOYMENT_TARGET = 16.4;
				MTL_ENABLE_DEBUG_INFO = INCLUDE_SOURCE;
				MTL_FAST_MATH = YES;
				ONLY_ACTIVE_ARCH = YES;
				SDKROOT = iphoneos;
				SWIFT_ACTIVE_COMPILATION_CONDITIONS = DEBUG;
				SWIFT_OPTIMIZATION_LEVEL = "-Onone";
			};
			name = Debug;
		};
		7D69776229EAEF62002B7244 /* Release */ = {
			isa = XCBuildConfiguration;
			buildSettings = {
				ALWAYS_SEARCH_USER_PATHS = NO;
				CLANG_ANALYZER_NONNULL = YES;
				CLANG_ANALYZER_NUMBER_OBJECT_CONVERSION = YES_AGGRESSIVE;
				CLANG_CXX_LANGUAGE_STANDARD = "gnu++20";
				CLANG_ENABLE_MODULES = YES;
				CLANG_ENABLE_OBJC_ARC = YES;
				CLANG_ENABLE_OBJC_WEAK = YES;
				CLANG_WARN_BLOCK_CAPTURE_AUTORELEASING = YES;
				CLANG_WARN_BOOL_CONVERSION = YES;
				CLANG_WARN_COMMA = YES;
				CLANG_WARN_CONSTANT_CONVERSION = YES;
				CLANG_WARN_DEPRECATED_OBJC_IMPLEMENTATIONS = YES;
				CLANG_WARN_DIRECT_OBJC_ISA_USAGE = YES_ERROR;
				CLANG_WARN_DOCUMENTATION_COMMENTS = YES;
				CLANG_WARN_EMPTY_BODY = YES;
				CLANG_WARN_ENUM_CONVERSION = YES;
				CLANG_WARN_INFINITE_RECURSION = YES;
				CLANG_WARN_INT_CONVERSION = YES;
				CLANG_WARN_NON_LITERAL_NULL_CONVERSION = YES;
				CLANG_WARN_OBJC_IMPLICIT_RETAIN_SELF = YES;
				CLANG_WARN_OBJC_LITERAL_CONVERSION = YES;
				CLANG_WARN_OBJC_ROOT_CLASS = YES_ERROR;
				CLANG_WARN_QUOTED_INCLUDE_IN_FRAMEWORK_HEADER = YES;
				CLANG_WARN_RANGE_LOOP_ANALYSIS = YES;
				CLANG_WARN_STRICT_PROTOTYPES = YES;
				CLANG_WARN_SUSPICIOUS_MOVE = YES;
				CLANG_WARN_UNGUARDED_AVAILABILITY = YES_AGGRESSIVE;
				CLANG_WARN_UNREACHABLE_CODE = YES;
				CLANG_WARN__DUPLICATE_METHOD_MATCH = YES;
				COPY_PHASE_STRIP = NO;
				DEBUG_INFORMATION_FORMAT = "dwarf-with-dsym";
				ENABLE_NS_ASSERTIONS = NO;
				ENABLE_STRICT_OBJC_MSGSEND = YES;
				GCC_C_LANGUAGE_STANDARD = gnu11;
				GCC_NO_COMMON_BLOCKS = YES;
				GCC_WARN_64_TO_32_BIT_CONVERSION = YES;
				GCC_WARN_ABOUT_RETURN_TYPE = YES_ERROR;
				GCC_WARN_UNDECLARED_SELECTOR = YES;
				GCC_WARN_UNINITIALIZED_AUTOS = YES_AGGRESSIVE;
				GCC_WARN_UNUSED_FUNCTION = YES;
				GCC_WARN_UNUSED_VARIABLE = YES;
				IPHONEOS_DEPLOYMENT_TARGET = 16.4;
				MTL_ENABLE_DEBUG_INFO = NO;
				MTL_FAST_MATH = YES;
				SDKROOT = iphoneos;
				SWIFT_COMPILATION_MODE = wholemodule;
				SWIFT_OPTIMIZATION_LEVEL = "-O";
				VALIDATE_PRODUCT = YES;
			};
			name = Release;
		};
		7D69776429EAEF62002B7244 /* Debug */ = {
			isa = XCBuildConfiguration;
			buildSettings = {
				ASSETCATALOG_COMPILER_APPICON_NAME = AppIcon;
				ASSETCATALOG_COMPILER_GLOBAL_ACCENT_COLOR_NAME = AccentColor;
				CODE_SIGN_STYLE = Automatic;
				CURRENT_PROJECT_VERSION = 1;
				GENERATE_INFOPLIST_FILE = YES;
				INFOPLIST_FILE = ToDoList/Info.plist;
				INFOPLIST_KEY_UIApplicationSupportsIndirectInputEvents = YES;
				INFOPLIST_KEY_UILaunchStoryboardName = LaunchScreen;
				INFOPLIST_KEY_UIMainStoryboardFile = Main;
				INFOPLIST_KEY_UISupportedInterfaceOrientations_iPad = "UIInterfaceOrientationPortrait UIInterfaceOrientationPortraitUpsideDown UIInterfaceOrientationLandscapeLeft UIInterfaceOrientationLandscapeRight";
				INFOPLIST_KEY_UISupportedInterfaceOrientations_iPhone = "UIInterfaceOrientationPortrait UIInterfaceOrientationLandscapeLeft UIInterfaceOrientationLandscapeRight";
				LD_RUNPATH_SEARCH_PATHS = (
					"$(inherited)",
					"@executable_path/Frameworks",
				);
				MARKETING_VERSION = 1.0;
				PRODUCT_BUNDLE_IDENTIFIER = Assignment1.ToDoList;
				PRODUCT_NAME = "$(TARGET_NAME)";
				SWIFT_EMIT_LOC_STRINGS = YES;
				SWIFT_VERSION = 5.0;
				TARGETED_DEVICE_FAMILY = "1,2";
			};
			name = Debug;
		};
		7D69776529EAEF62002B7244 /* Release */ = {
			isa = XCBuildConfiguration;
			buildSettings = {
				ASSETCATALOG_COMPILER_APPICON_NAME = AppIcon;
				ASSETCATALOG_COMPILER_GLOBAL_ACCENT_COLOR_NAME = AccentColor;
				CODE_SIGN_STYLE = Automatic;
				CURRENT_PROJECT_VERSION = 1;
				GENERATE_INFOPLIST_FILE = YES;
				INFOPLIST_FILE = ToDoList/Info.plist;
				INFOPLIST_KEY_UIApplicationSupportsIndirectInputEvents = YES;
				INFOPLIST_KEY_UILaunchStoryboardName = LaunchScreen;
				INFOPLIST_KEY_UIMainStoryboardFile = Main;
				INFOPLIST_KEY_UISupportedInterfaceOrientations_iPad = "UIInterfaceOrientationPortrait UIInterfaceOrientationPortraitUpsideDown UIInterfaceOrientationLandscapeLeft UIInterfaceOrientationLandscapeRight";
				INFOPLIST_KEY_UISupportedInterfaceOrientations_iPhone = "UIInterfaceOrientationPortrait UIInterfaceOrientationLandscapeLeft UIInterfaceOrientationLandscapeRight";
				LD_RUNPATH_SEARCH_PATHS = (
					"$(inherited)",
					"@executable_path/Frameworks",
				);
				MARKETING_VERSION = 1.0;
				PRODUCT_BUNDLE_IDENTIFIER = Assignment1.ToDoList;
				PRODUCT_NAME = "$(TARGET_NAME)";
				SWIFT_EMIT_LOC_STRINGS = YES;
				SWIFT_VERSION = 5.0;
				TARGETED_DEVICE_FAMILY = "1,2";
			};
			name = Release;
		};
/* End XCBuildConfiguration section */

/* Begin XCConfigurationList section */
		7D69774729EAEF61002B7244 /* Build configuration list for PBXProject "ToDoList" */ = {
			isa = XCConfigurationList;
			buildConfigurations = (
				7D69776129EAEF62002B7244 /* Debug */,
				7D69776229EAEF62002B7244 /* Release */,
			);
			defaultConfigurationIsVisible = 0;
			defaultConfigurationName = Release;
		};
		7D69776329EAEF62002B7244 /* Build configuration list for PBXNativeTarget "ToDoList" */ = {
			isa = XCConfigurationList;
			buildConfigurations = (
				7D69776429EAEF62002B7244 /* Debug */,
				7D69776529EAEF62002B7244 /* Release */,
			);
			defaultConfigurationIsVisible = 0;
			defaultConfigurationName = Release;
		};
/* End XCConfigurationList section */

/* Begin XCVersionGroup section */
		7D69775829EAEF61002B7244 /* ToDoList.xcdatamodeld */ = {
			isa = XCVersionGroup;
			children = (
				7D69775929EAEF61002B7244 /* ToDoList.xcdatamodel */,
			);
			currentVersion = 7D69775929EAEF61002B7244 /* ToDoList.xcdatamodel */;
			path = ToDoList.xcdatamodeld;
			sourceTree = "<group>";
			versionGroupType = wrapper.xcdatamodel;
		};
/* End XCVersionGroup section */
	};
	rootObject = 7D69774429EAEF61002B7244 /* Project object */;
}
